
Microsoft Visual Studio Solution File, Format Version 12.00
# Visual Studio Version 17
VisualStudioVersion = 17.10.35122.118
MinimumVisualStudioVersion = 10.0.40219.1
Project("{FAE04EC0-301F-11D3-BF4B-00C04F79EFBC}") = "Cv1", "Cv1\Cv1.csproj", "{0C00A776-E117-48F2-858D-49296E6982CC}"
EndProject
Global
	GlobalSection(SolutionConfigurationPlatforms) = preSolution
		Debug|Any CPU = Debug|Any CPU
		Release|Any CPU = Release|Any CPU
	EndGlobalSection
	GlobalSection(ProjectConfigurationPlatforms) = postSolution
		{0C00A776-E117-48F2-858D-49296E6982CC}.Debug|Any CPU.ActiveCfg = Debug|Any CPU
		{0C00A776-E117-48F2-858D-49296E6982CC}.Debug|Any CPU.Build.0 = Debug|Any CPU
		{0C00A776-E117-48F2-858D-49296E6982CC}.Release|Any CPU.ActiveCfg = Release|Any CPU
		{0C00A776-E117-48F2-858D-49296E6982CC}.Release|Any CPU.Build.0 = Release|Any CPU
	EndGlobalSection
	GlobalSection(SolutionProperties) = preSolution
		HideSolutionNode = FALSE
	EndGlobalSection
	GlobalSection(ExtensibilityGlobals) = postSolution
		SolutionGuid = {BAF1B92D-EE37-4111-88DA-742E9529538D}
	EndGlobalSection
EndGlobal
