
Microsoft Visual Studio Solution File, Format Version 12.00
# Visual Studio Version 17
VisualStudioVersion = 17.10.35122.118
MinimumVisualStudioVersion = 10.0.40219.1
Project("{9A19103F-16F7-4668-BE54-9A1E7A4F7556}") = "Cv01", "Cv1\Cv01.csproj", "{0C00A776-E117-48F2-858D-49296E6982CC}"
EndProject
Project("{9A19103F-16F7-4668-BE54-9A1E7A4F7556}") = "Cv02", "Cv2\Cv02.csproj", "{A152417A-FC99-4AF9-8251-9A9DDB17D7AB}"
EndProject
Project("{9A19103F-16F7-4668-BE54-9A1E7A4F7556}") = "Cv02.1", "Cv2.1\Cv02.1.csproj", "{17201AE8-39C9-4921-8BF6-2B24B742D2AD}"
EndProject
Project("{FAE04EC0-301F-11D3-BF4B-00C04F79EFBC}") = "Cv02-skola", "Cv2-skola\Cv02-skola.csproj", "{739DEF46-92F5-40D4-A7B2-8E27F77D3D55}"
EndProject
Project("{9A19103F-16F7-4668-BE54-9A1E7A4F7556}") = "Cv03", "Cv03\Cv03.csproj", "{B6F51DEE-F566-4B08-866E-0F93890481EE}"
EndProject
Project("{9A19103F-16F7-4668-BE54-9A1E7A4F7556}") = "Cv03_skola", "Cv03_skola\Cv03_skola.csproj", "{B537FE1A-3B25-41A7-8D77-CBC439A0472B}"
EndProject
Project("{9A19103F-16F7-4668-BE54-9A1E7A4F7556}") = "Cv04_skola", "Cv04_skola\Cv04_skola.csproj", "{48D0BB5B-C586-4B32-B0AF-D36B02E360AE}"
EndProject
Project("{9A19103F-16F7-4668-BE54-9A1E7A4F7556}") = "Cv04", "Cv04\Cv04.csproj", "{D82FCF4C-9E3D-46C3-BC40-ED0B138820E1}"
EndProject
Project("{9A19103F-16F7-4668-BE54-9A1E7A4F7556}") = "Cv05", "Cv05\Cv05.csproj", "{4F3A5C37-C6D4-43EB-8FF1-E59FF033E2CB}"
EndProject
Project("{9A19103F-16F7-4668-BE54-9A1E7A4F7556}") = "Cv06", "Cv06\Cv06.csproj", "{8E282710-42A1-4BB0-9957-D8677A80DDD1}"
EndProject
Project("{9A19103F-16F7-4668-BE54-9A1E7A4F7556}") = "Cv07", "Cv07\Cv07.csproj", "{3B5DFB5F-BD86-4E91-9612-0CA3AC181EA6}"
EndProject
Project("{9A19103F-16F7-4668-BE54-9A1E7A4F7556}") = "Cv08", "Cv08\Cv08.csproj", "{C8B26DBB-A7B8-4818-A59D-A6D7AF593040}"
EndProject
Project("{FAE04EC0-301F-11D3-BF4B-00C04F79EFBC}") = "Cv10", "Cv10\Cv10.csproj", "{C59F8426-1BEB-40D0-9BF9-38863D2008E1}"
EndProject
Global
	GlobalSection(SolutionConfigurationPlatforms) = preSolution
		Debug|Any CPU = Debug|Any CPU
		Release|Any CPU = Release|Any CPU
	EndGlobalSection
	GlobalSection(ProjectConfigurationPlatforms) = postSolution
		{0C00A776-E117-48F2-858D-49296E6982CC}.Debug|Any CPU.ActiveCfg = Debug|Any CPU
		{0C00A776-E117-48F2-858D-49296E6982CC}.Debug|Any CPU.Build.0 = Debug|Any CPU
		{0C00A776-E117-48F2-858D-49296E6982CC}.Release|Any CPU.ActiveCfg = Release|Any CPU
		{0C00A776-E117-48F2-858D-49296E6982CC}.Release|Any CPU.Build.0 = Release|Any CPU
		{A152417A-FC99-4AF9-8251-9A9DDB17D7AB}.Debug|Any CPU.ActiveCfg = Debug|Any CPU
		{A152417A-FC99-4AF9-8251-9A9DDB17D7AB}.Debug|Any CPU.Build.0 = Debug|Any CPU
		{A152417A-FC99-4AF9-8251-9A9DDB17D7AB}.Release|Any CPU.ActiveCfg = Release|Any CPU
		{A152417A-FC99-4AF9-8251-9A9DDB17D7AB}.Release|Any CPU.Build.0 = Release|Any CPU
		{17201AE8-39C9-4921-8BF6-2B24B742D2AD}.Debug|Any CPU.ActiveCfg = Debug|Any CPU
		{17201AE8-39C9-4921-8BF6-2B24B742D2AD}.Debug|Any CPU.Build.0 = Debug|Any CPU
		{17201AE8-39C9-4921-8BF6-2B24B742D2AD}.Release|Any CPU.ActiveCfg = Release|Any CPU
		{17201AE8-39C9-4921-8BF6-2B24B742D2AD}.Release|Any CPU.Build.0 = Release|Any CPU
		{739DEF46-92F5-40D4-A7B2-8E27F77D3D55}.Debug|Any CPU.ActiveCfg = Debug|Any CPU
		{739DEF46-92F5-40D4-A7B2-8E27F77D3D55}.Debug|Any CPU.Build.0 = Debug|Any CPU
		{739DEF46-92F5-40D4-A7B2-8E27F77D3D55}.Release|Any CPU.ActiveCfg = Release|Any CPU
		{739DEF46-92F5-40D4-A7B2-8E27F77D3D55}.Release|Any CPU.Build.0 = Release|Any CPU
		{B6F51DEE-F566-4B08-866E-0F93890481EE}.Debug|Any CPU.ActiveCfg = Debug|Any CPU
		{B6F51DEE-F566-4B08-866E-0F93890481EE}.Debug|Any CPU.Build.0 = Debug|Any CPU
		{B6F51DEE-F566-4B08-866E-0F93890481EE}.Release|Any CPU.ActiveCfg = Release|Any CPU
		{B6F51DEE-F566-4B08-866E-0F93890481EE}.Release|Any CPU.Build.0 = Release|Any CPU
		{B537FE1A-3B25-41A7-8D77-CBC439A0472B}.Debug|Any CPU.ActiveCfg = Debug|Any CPU
		{B537FE1A-3B25-41A7-8D77-CBC439A0472B}.Debug|Any CPU.Build.0 = Debug|Any CPU
		{B537FE1A-3B25-41A7-8D77-CBC439A0472B}.Release|Any CPU.ActiveCfg = Release|Any CPU
		{B537FE1A-3B25-41A7-8D77-CBC439A0472B}.Release|Any CPU.Build.0 = Release|Any CPU
		{48D0BB5B-C586-4B32-B0AF-D36B02E360AE}.Debug|Any CPU.ActiveCfg = Debug|Any CPU
		{48D0BB5B-C586-4B32-B0AF-D36B02E360AE}.Debug|Any CPU.Build.0 = Debug|Any CPU
		{48D0BB5B-C586-4B32-B0AF-D36B02E360AE}.Release|Any CPU.ActiveCfg = Release|Any CPU
		{48D0BB5B-C586-4B32-B0AF-D36B02E360AE}.Release|Any CPU.Build.0 = Release|Any CPU
		{D82FCF4C-9E3D-46C3-BC40-ED0B138820E1}.Debug|Any CPU.ActiveCfg = Debug|Any CPU
		{D82FCF4C-9E3D-46C3-BC40-ED0B138820E1}.Debug|Any CPU.Build.0 = Debug|Any CPU
		{D82FCF4C-9E3D-46C3-BC40-ED0B138820E1}.Release|Any CPU.ActiveCfg = Release|Any CPU
		{D82FCF4C-9E3D-46C3-BC40-ED0B138820E1}.Release|Any CPU.Build.0 = Release|Any CPU
		{4F3A5C37-C6D4-43EB-8FF1-E59FF033E2CB}.Debug|Any CPU.ActiveCfg = Debug|Any CPU
		{4F3A5C37-C6D4-43EB-8FF1-E59FF033E2CB}.Debug|Any CPU.Build.0 = Debug|Any CPU
		{4F3A5C37-C6D4-43EB-8FF1-E59FF033E2CB}.Release|Any CPU.ActiveCfg = Release|Any CPU
		{4F3A5C37-C6D4-43EB-8FF1-E59FF033E2CB}.Release|Any CPU.Build.0 = Release|Any CPU
		{8E282710-42A1-4BB0-9957-D8677A80DDD1}.Debug|Any CPU.ActiveCfg = Debug|Any CPU
		{8E282710-42A1-4BB0-9957-D8677A80DDD1}.Debug|Any CPU.Build.0 = Debug|Any CPU
		{8E282710-42A1-4BB0-9957-D8677A80DDD1}.Release|Any CPU.ActiveCfg = Release|Any CPU
		{8E282710-42A1-4BB0-9957-D8677A80DDD1}.Release|Any CPU.Build.0 = Release|Any CPU
		{3B5DFB5F-BD86-4E91-9612-0CA3AC181EA6}.Debug|Any CPU.ActiveCfg = Debug|Any CPU
		{3B5DFB5F-BD86-4E91-9612-0CA3AC181EA6}.Debug|Any CPU.Build.0 = Debug|Any CPU
		{3B5DFB5F-BD86-4E91-9612-0CA3AC181EA6}.Release|Any CPU.ActiveCfg = Release|Any CPU
		{3B5DFB5F-BD86-4E91-9612-0CA3AC181EA6}.Release|Any CPU.Build.0 = Release|Any CPU
		{C8B26DBB-A7B8-4818-A59D-A6D7AF593040}.Debug|Any CPU.ActiveCfg = Debug|Any CPU
		{C8B26DBB-A7B8-4818-A59D-A6D7AF593040}.Debug|Any CPU.Build.0 = Debug|Any CPU
		{C8B26DBB-A7B8-4818-A59D-A6D7AF593040}.Release|Any CPU.ActiveCfg = Release|Any CPU
		{C8B26DBB-A7B8-4818-A59D-A6D7AF593040}.Release|Any CPU.Build.0 = Release|Any CPU
		{C59F8426-1BEB-40D0-9BF9-38863D2008E1}.Debug|Any CPU.ActiveCfg = Debug|Any CPU
		{C59F8426-1BEB-40D0-9BF9-38863D2008E1}.Debug|Any CPU.Build.0 = Debug|Any CPU
		{C59F8426-1BEB-40D0-9BF9-38863D2008E1}.Release|Any CPU.ActiveCfg = Release|Any CPU
		{C59F8426-1BEB-40D0-9BF9-38863D2008E1}.Release|Any CPU.Build.0 = Release|Any CPU
	EndGlobalSection
	GlobalSection(SolutionProperties) = preSolution
		HideSolutionNode = FALSE
	EndGlobalSection
	GlobalSection(ExtensibilityGlobals) = postSolution
		SolutionGuid = {BAF1B92D-EE37-4111-88DA-742E9529538D}
	EndGlobalSection
EndGlobal
