
Microsoft Visual Studio Solution File, Format Version 12.00
# Visual Studio Version 17
VisualStudioVersion = 17.10.35122.118
MinimumVisualStudioVersion = 10.0.40219.1
Project("{9A19103F-16F7-4668-BE54-9A1E7A4F7556}") = "Cv1", "Cv1\Cv1.csproj", "{0C00A776-E117-48F2-858D-49296E6982CC}"
EndProject
Project("{9A19103F-16F7-4668-BE54-9A1E7A4F7556}") = "Cv2", "Cv2\Cv2.csproj", "{A152417A-FC99-4AF9-8251-9A9DDB17D7AB}"
EndProject
Project("{9A19103F-16F7-4668-BE54-9A1E7A4F7556}") = "Cv2.1", "Cv2.1\Cv2.1.csproj", "{17201AE8-39C9-4921-8BF6-2B24B742D2AD}"
EndProject
Project("{FAE04EC0-301F-11D3-BF4B-00C04F79EFBC}") = "Cv2-skola", "Cv2-skola\Cv2-skola.csproj", "{739DEF46-92F5-40D4-A7B2-8E27F77D3D55}"
EndProject
Project("{FAE04EC0-301F-11D3-BF4B-00C04F79EFBC}") = "Cv03", "Cv03\Cv03.csproj", "{B6F51DEE-F566-4B08-866E-0F93890481EE}"
EndProject
Global
	GlobalSection(SolutionConfigurationPlatforms) = preSolution
		Debug|Any CPU = Debug|Any CPU
		Release|Any CPU = Release|Any CPU
	EndGlobalSection
	GlobalSection(ProjectConfigurationPlatforms) = postSolution
		{0C00A776-E117-48F2-858D-49296E6982CC}.Debug|Any CPU.ActiveCfg = Debug|Any CPU
		{0C00A776-E117-48F2-858D-49296E6982CC}.Debug|Any CPU.Build.0 = Debug|Any CPU
		{0C00A776-E117-48F2-858D-49296E6982CC}.Release|Any CPU.ActiveCfg = Release|Any CPU
		{0C00A776-E117-48F2-858D-49296E6982CC}.Release|Any CPU.Build.0 = Release|Any CPU
		{A152417A-FC99-4AF9-8251-9A9DDB17D7AB}.Debug|Any CPU.ActiveCfg = Debug|Any CPU
		{A152417A-FC99-4AF9-8251-9A9DDB17D7AB}.Debug|Any CPU.Build.0 = Debug|Any CPU
		{A152417A-FC99-4AF9-8251-9A9DDB17D7AB}.Release|Any CPU.ActiveCfg = Release|Any CPU
		{A152417A-FC99-4AF9-8251-9A9DDB17D7AB}.Release|Any CPU.Build.0 = Release|Any CPU
		{17201AE8-39C9-4921-8BF6-2B24B742D2AD}.Debug|Any CPU.ActiveCfg = Debug|Any CPU
		{17201AE8-39C9-4921-8BF6-2B24B742D2AD}.Debug|Any CPU.Build.0 = Debug|Any CPU
		{17201AE8-39C9-4921-8BF6-2B24B742D2AD}.Release|Any CPU.ActiveCfg = Release|Any CPU
		{17201AE8-39C9-4921-8BF6-2B24B742D2AD}.Release|Any CPU.Build.0 = Release|Any CPU
		{739DEF46-92F5-40D4-A7B2-8E27F77D3D55}.Debug|Any CPU.ActiveCfg = Debug|Any CPU
		{739DEF46-92F5-40D4-A7B2-8E27F77D3D55}.Debug|Any CPU.Build.0 = Debug|Any CPU
		{739DEF46-92F5-40D4-A7B2-8E27F77D3D55}.Release|Any CPU.ActiveCfg = Release|Any CPU
		{739DEF46-92F5-40D4-A7B2-8E27F77D3D55}.Release|Any CPU.Build.0 = Release|Any CPU
		{B6F51DEE-F566-4B08-866E-0F93890481EE}.Debug|Any CPU.ActiveCfg = Debug|Any CPU
		{B6F51DEE-F566-4B08-866E-0F93890481EE}.Debug|Any CPU.Build.0 = Debug|Any CPU
		{B6F51DEE-F566-4B08-866E-0F93890481EE}.Release|Any CPU.ActiveCfg = Release|Any CPU
		{B6F51DEE-F566-4B08-866E-0F93890481EE}.Release|Any CPU.Build.0 = Release|Any CPU
	EndGlobalSection
	GlobalSection(SolutionProperties) = preSolution
		HideSolutionNode = FALSE
	EndGlobalSection
	GlobalSection(ExtensibilityGlobals) = postSolution
		SolutionGuid = {BAF1B92D-EE37-4111-88DA-742E9529538D}
	EndGlobalSection
EndGlobal
